
Microsoft Visual Studio Solution File, Format Version 12.00
# Visual Studio 15
VisualStudioVersion = 15.0.26430.6
MinimumVisualStudioVersion = 10.0.40219.1
Project("{D954291E-2A0B-460D-934E-DC6B0785DB48}") = "IMA", "IMA\IMA\IMA.shproj", "{87DA9B81-6548-40A3-8A45-3A486FE31953}"
EndProject
Project("{FAE04EC0-301F-11D3-BF4B-00C04F79EFBC}") = "IMA.Android", "IMA\IMA.Android\IMA.Android.csproj", "{5D3192F1-C52E-4EAE-B551-98C1EB1F8940}"
EndProject
Project("{FAE04EC0-301F-11D3-BF4B-00C04F79EFBC}") = "IMA.iOS", "IMA\IMA.iOS\IMA.iOS.csproj", "{531BEEE0-A989-49D2-A0C1-B3910FCBC23B}"
EndProject
Project("{FAE04EC0-301F-11D3-BF4B-00C04F79EFBC}") = "IMA.UWP", "IMA\IMA.UWP\IMA.UWP.csproj", "{B6642960-CD9A-4B9F-9D01-4F67CE6E3237}"
EndProject
Project("{8BC9CEB8-8B4A-11D0-8D11-00A0C91BC942}") = "WEBPAlgorithmTools.Shared", "WEBPAlgorithmTools\WEBPAlgorithmTools\WEBPAlgorithmTools.Shared\WEBPAlgorithmTools.Shared.vcxitems", "{63429EAC-949E-48B0-AAA5-0BB821302E58}"
EndProject
Project("{8BC9CEB8-8B4A-11D0-8D11-00A0C91BC942}") = "WEBPAlgorithmTools.Android", "WEBPAlgorithmTools\WEBPAlgorithmTools\WEBPAlgorithmTools.Android\WEBPAlgorithmTools.Android.vcxproj", "{D53E6913-B612-4CB0-B6A6-2309C3E26566}"
EndProject
Project("{8BC9CEB8-8B4A-11D0-8D11-00A0C91BC942}") = "WEBPAlgorithmTools.iOS", "WEBPAlgorithmTools\WEBPAlgorithmTools\WEBPAlgorithmTools.iOS\WEBPAlgorithmTools.iOS.vcxproj", "{DEB6B4A7-70DC-48CA-B9C9-226F0FCC1256}"
EndProject
Project("{8BC9CEB8-8B4A-11D0-8D11-00A0C91BC942}") = "WEPAlgorithmTools.UWP", "WEBPAlgorithmTools\WEBPAlgorithmTools\WEPAlgorithmTools.UWP\WEPAlgorithmTools.UWP.vcxproj", "{6CE7CCAE-06D5-4392-842B-5C142AC85E0F}"
EndProject
Global
	GlobalSection(SharedMSBuildProjectFiles) = preSolution
		IMA\IMA\IMA.projitems*{531beee0-a989-49d2-a0c1-b3910fcbc23b}*SharedItemsImports = 4
		IMA\IMA\IMA.projitems*{5d3192f1-c52e-4eae-b551-98c1eb1f8940}*SharedItemsImports = 4
		WEBPAlgorithmTools\WEBPAlgorithmTools\WEBPAlgorithmTools.Shared\WEBPAlgorithmTools.Shared.vcxitems*{63429eac-949e-48b0-aaa5-0bb821302e58}*SharedItemsImports = 9
		WEBPAlgorithmTools\WEBPAlgorithmTools\WEBPAlgorithmTools.Shared\WEBPAlgorithmTools.Shared.vcxitems*{6ce7ccae-06d5-4392-842b-5c142ac85e0f}*SharedItemsImports = 4
		IMA\IMA\IMA.projitems*{87da9b81-6548-40a3-8a45-3a486fe31953}*SharedItemsImports = 13
		IMA\IMA\IMA.projitems*{b6642960-cd9a-4b9f-9d01-4f67ce6e3237}*SharedItemsImports = 4
		WEBPAlgorithmTools\WEBPAlgorithmTools\WEBPAlgorithmTools.Shared\WEBPAlgorithmTools.Shared.vcxitems*{d53e6913-b612-4cb0-b6a6-2309c3e26566}*SharedItemsImports = 4
		WEBPAlgorithmTools\WEBPAlgorithmTools\WEBPAlgorithmTools.Shared\WEBPAlgorithmTools.Shared.vcxitems*{deb6b4a7-70dc-48ca-b9c9-226f0fcc1256}*SharedItemsImports = 4
	EndGlobalSection
	GlobalSection(SolutionConfigurationPlatforms) = preSolution
		Ad-Hoc|Any CPU = Ad-Hoc|Any CPU
		Ad-Hoc|ARM = Ad-Hoc|ARM
		Ad-Hoc|ARM64 = Ad-Hoc|ARM64
		Ad-Hoc|iPhone = Ad-Hoc|iPhone
		Ad-Hoc|iPhoneSimulator = Ad-Hoc|iPhoneSimulator
		Ad-Hoc|x64 = Ad-Hoc|x64
		Ad-Hoc|x86 = Ad-Hoc|x86
		AppStore|Any CPU = AppStore|Any CPU
		AppStore|ARM = AppStore|ARM
		AppStore|ARM64 = AppStore|ARM64
		AppStore|iPhone = AppStore|iPhone
		AppStore|iPhoneSimulator = AppStore|iPhoneSimulator
		AppStore|x64 = AppStore|x64
		AppStore|x86 = AppStore|x86
		Debug|Any CPU = Debug|Any CPU
		Debug|ARM = Debug|ARM
		Debug|ARM64 = Debug|ARM64
		Debug|iPhone = Debug|iPhone
		Debug|iPhoneSimulator = Debug|iPhoneSimulator
		Debug|x64 = Debug|x64
		Debug|x86 = Debug|x86
		Release|Any CPU = Release|Any CPU
		Release|ARM = Release|ARM
		Release|ARM64 = Release|ARM64
		Release|iPhone = Release|iPhone
		Release|iPhoneSimulator = Release|iPhoneSimulator
		Release|x64 = Release|x64
		Release|x86 = Release|x86
	EndGlobalSection
	GlobalSection(ProjectConfigurationPlatforms) = postSolution
		{5D3192F1-C52E-4EAE-B551-98C1EB1F8940}.Ad-Hoc|Any CPU.ActiveCfg = Release|Any CPU
		{5D3192F1-C52E-4EAE-B551-98C1EB1F8940}.Ad-Hoc|Any CPU.Build.0 = Release|Any CPU
		{5D3192F1-C52E-4EAE-B551-98C1EB1F8940}.Ad-Hoc|Any CPU.Deploy.0 = Release|Any CPU
		{5D3192F1-C52E-4EAE-B551-98C1EB1F8940}.Ad-Hoc|ARM.ActiveCfg = Release|Any CPU
		{5D3192F1-C52E-4EAE-B551-98C1EB1F8940}.Ad-Hoc|ARM.Build.0 = Release|Any CPU
		{5D3192F1-C52E-4EAE-B551-98C1EB1F8940}.Ad-Hoc|ARM.Deploy.0 = Release|Any CPU
		{5D3192F1-C52E-4EAE-B551-98C1EB1F8940}.Ad-Hoc|ARM64.ActiveCfg = Debug|Any CPU
		{5D3192F1-C52E-4EAE-B551-98C1EB1F8940}.Ad-Hoc|ARM64.Build.0 = Debug|Any CPU
		{5D3192F1-C52E-4EAE-B551-98C1EB1F8940}.Ad-Hoc|ARM64.Deploy.0 = Debug|Any CPU
		{5D3192F1-C52E-4EAE-B551-98C1EB1F8940}.Ad-Hoc|iPhone.ActiveCfg = Release|Any CPU
		{5D3192F1-C52E-4EAE-B551-98C1EB1F8940}.Ad-Hoc|iPhone.Build.0 = Release|Any CPU
		{5D3192F1-C52E-4EAE-B551-98C1EB1F8940}.Ad-Hoc|iPhone.Deploy.0 = Release|Any CPU
		{5D3192F1-C52E-4EAE-B551-98C1EB1F8940}.Ad-Hoc|iPhoneSimulator.ActiveCfg = Release|Any CPU
		{5D3192F1-C52E-4EAE-B551-98C1EB1F8940}.Ad-Hoc|iPhoneSimulator.Build.0 = Release|Any CPU
		{5D3192F1-C52E-4EAE-B551-98C1EB1F8940}.Ad-Hoc|iPhoneSimulator.Deploy.0 = Release|Any CPU
		{5D3192F1-C52E-4EAE-B551-98C1EB1F8940}.Ad-Hoc|x64.ActiveCfg = Release|Any CPU
		{5D3192F1-C52E-4EAE-B551-98C1EB1F8940}.Ad-Hoc|x64.Build.0 = Release|Any CPU
		{5D3192F1-C52E-4EAE-B551-98C1EB1F8940}.Ad-Hoc|x64.Deploy.0 = Release|Any CPU
		{5D3192F1-C52E-4EAE-B551-98C1EB1F8940}.Ad-Hoc|x86.ActiveCfg = Release|Any CPU
		{5D3192F1-C52E-4EAE-B551-98C1EB1F8940}.Ad-Hoc|x86.Build.0 = Release|Any CPU
		{5D3192F1-C52E-4EAE-B551-98C1EB1F8940}.Ad-Hoc|x86.Deploy.0 = Release|Any CPU
		{5D3192F1-C52E-4EAE-B551-98C1EB1F8940}.AppStore|Any CPU.ActiveCfg = Release|Any CPU
		{5D3192F1-C52E-4EAE-B551-98C1EB1F8940}.AppStore|Any CPU.Build.0 = Release|Any CPU
		{5D3192F1-C52E-4EAE-B551-98C1EB1F8940}.AppStore|Any CPU.Deploy.0 = Release|Any CPU
		{5D3192F1-C52E-4EAE-B551-98C1EB1F8940}.AppStore|ARM.ActiveCfg = Release|Any CPU
		{5D3192F1-C52E-4EAE-B551-98C1EB1F8940}.AppStore|ARM.Build.0 = Release|Any CPU
		{5D3192F1-C52E-4EAE-B551-98C1EB1F8940}.AppStore|ARM.Deploy.0 = Release|Any CPU
		{5D3192F1-C52E-4EAE-B551-98C1EB1F8940}.AppStore|ARM64.ActiveCfg = Debug|Any CPU
		{5D3192F1-C52E-4EAE-B551-98C1EB1F8940}.AppStore|ARM64.Build.0 = Debug|Any CPU
		{5D3192F1-C52E-4EAE-B551-98C1EB1F8940}.AppStore|ARM64.Deploy.0 = Debug|Any CPU
		{5D3192F1-C52E-4EAE-B551-98C1EB1F8940}.AppStore|iPhone.ActiveCfg = Release|Any CPU
		{5D3192F1-C52E-4EAE-B551-98C1EB1F8940}.AppStore|iPhone.Build.0 = Release|Any CPU
		{5D3192F1-C52E-4EAE-B551-98C1EB1F8940}.AppStore|iPhone.Deploy.0 = Release|Any CPU
		{5D3192F1-C52E-4EAE-B551-98C1EB1F8940}.AppStore|iPhoneSimulator.ActiveCfg = Release|Any CPU
		{5D3192F1-C52E-4EAE-B551-98C1EB1F8940}.AppStore|iPhoneSimulator.Build.0 = Release|Any CPU
		{5D3192F1-C52E-4EAE-B551-98C1EB1F8940}.AppStore|iPhoneSimulator.Deploy.0 = Release|Any CPU
		{5D3192F1-C52E-4EAE-B551-98C1EB1F8940}.AppStore|x64.ActiveCfg = Release|Any CPU
		{5D3192F1-C52E-4EAE-B551-98C1EB1F8940}.AppStore|x64.Build.0 = Release|Any CPU
		{5D3192F1-C52E-4EAE-B551-98C1EB1F8940}.AppStore|x64.Deploy.0 = Release|Any CPU
		{5D3192F1-C52E-4EAE-B551-98C1EB1F8940}.AppStore|x86.ActiveCfg = Release|Any CPU
		{5D3192F1-C52E-4EAE-B551-98C1EB1F8940}.AppStore|x86.Build.0 = Release|Any CPU
		{5D3192F1-C52E-4EAE-B551-98C1EB1F8940}.AppStore|x86.Deploy.0 = Release|Any CPU
		{5D3192F1-C52E-4EAE-B551-98C1EB1F8940}.Debug|Any CPU.ActiveCfg = Debug|Any CPU
		{5D3192F1-C52E-4EAE-B551-98C1EB1F8940}.Debug|Any CPU.Build.0 = Debug|Any CPU
		{5D3192F1-C52E-4EAE-B551-98C1EB1F8940}.Debug|Any CPU.Deploy.0 = Debug|Any CPU
		{5D3192F1-C52E-4EAE-B551-98C1EB1F8940}.Debug|ARM.ActiveCfg = Debug|Any CPU
		{5D3192F1-C52E-4EAE-B551-98C1EB1F8940}.Debug|ARM.Build.0 = Debug|Any CPU
		{5D3192F1-C52E-4EAE-B551-98C1EB1F8940}.Debug|ARM.Deploy.0 = Debug|Any CPU
		{5D3192F1-C52E-4EAE-B551-98C1EB1F8940}.Debug|ARM64.ActiveCfg = Debug|Any CPU
		{5D3192F1-C52E-4EAE-B551-98C1EB1F8940}.Debug|ARM64.Build.0 = Debug|Any CPU
		{5D3192F1-C52E-4EAE-B551-98C1EB1F8940}.Debug|ARM64.Deploy.0 = Debug|Any CPU
		{5D3192F1-C52E-4EAE-B551-98C1EB1F8940}.Debug|iPhone.ActiveCfg = Debug|Any CPU
		{5D3192F1-C52E-4EAE-B551-98C1EB1F8940}.Debug|iPhone.Build.0 = Debug|Any CPU
		{5D3192F1-C52E-4EAE-B551-98C1EB1F8940}.Debug|iPhone.Deploy.0 = Debug|Any CPU
		{5D3192F1-C52E-4EAE-B551-98C1EB1F8940}.Debug|iPhoneSimulator.ActiveCfg = Debug|Any CPU
		{5D3192F1-C52E-4EAE-B551-98C1EB1F8940}.Debug|iPhoneSimulator.Build.0 = Debug|Any CPU
		{5D3192F1-C52E-4EAE-B551-98C1EB1F8940}.Debug|iPhoneSimulator.Deploy.0 = Debug|Any CPU
		{5D3192F1-C52E-4EAE-B551-98C1EB1F8940}.Debug|x64.ActiveCfg = Debug|Any CPU
		{5D3192F1-C52E-4EAE-B551-98C1EB1F8940}.Debug|x64.Build.0 = Debug|Any CPU
		{5D3192F1-C52E-4EAE-B551-98C1EB1F8940}.Debug|x64.Deploy.0 = Debug|Any CPU
		{5D3192F1-C52E-4EAE-B551-98C1EB1F8940}.Debug|x86.ActiveCfg = Debug|Any CPU
		{5D3192F1-C52E-4EAE-B551-98C1EB1F8940}.Debug|x86.Build.0 = Debug|Any CPU
		{5D3192F1-C52E-4EAE-B551-98C1EB1F8940}.Debug|x86.Deploy.0 = Debug|Any CPU
		{5D3192F1-C52E-4EAE-B551-98C1EB1F8940}.Release|Any CPU.ActiveCfg = Release|Any CPU
		{5D3192F1-C52E-4EAE-B551-98C1EB1F8940}.Release|Any CPU.Build.0 = Release|Any CPU
		{5D3192F1-C52E-4EAE-B551-98C1EB1F8940}.Release|Any CPU.Deploy.0 = Release|Any CPU
		{5D3192F1-C52E-4EAE-B551-98C1EB1F8940}.Release|ARM.ActiveCfg = Release|Any CPU
		{5D3192F1-C52E-4EAE-B551-98C1EB1F8940}.Release|ARM.Build.0 = Release|Any CPU
		{5D3192F1-C52E-4EAE-B551-98C1EB1F8940}.Release|ARM.Deploy.0 = Release|Any CPU
		{5D3192F1-C52E-4EAE-B551-98C1EB1F8940}.Release|ARM64.ActiveCfg = Release|Any CPU
		{5D3192F1-C52E-4EAE-B551-98C1EB1F8940}.Release|ARM64.Build.0 = Release|Any CPU
		{5D3192F1-C52E-4EAE-B551-98C1EB1F8940}.Release|ARM64.Deploy.0 = Release|Any CPU
		{5D3192F1-C52E-4EAE-B551-98C1EB1F8940}.Release|iPhone.ActiveCfg = Release|Any CPU
		{5D3192F1-C52E-4EAE-B551-98C1EB1F8940}.Release|iPhone.Build.0 = Release|Any CPU
		{5D3192F1-C52E-4EAE-B551-98C1EB1F8940}.Release|iPhone.Deploy.0 = Release|Any CPU
		{5D3192F1-C52E-4EAE-B551-98C1EB1F8940}.Release|iPhoneSimulator.ActiveCfg = Release|Any CPU
		{5D3192F1-C52E-4EAE-B551-98C1EB1F8940}.Release|iPhoneSimulator.Build.0 = Release|Any CPU
		{5D3192F1-C52E-4EAE-B551-98C1EB1F8940}.Release|iPhoneSimulator.Deploy.0 = Release|Any CPU
		{5D3192F1-C52E-4EAE-B551-98C1EB1F8940}.Release|x64.ActiveCfg = Release|Any CPU
		{5D3192F1-C52E-4EAE-B551-98C1EB1F8940}.Release|x64.Build.0 = Release|Any CPU
		{5D3192F1-C52E-4EAE-B551-98C1EB1F8940}.Release|x64.Deploy.0 = Release|Any CPU
		{5D3192F1-C52E-4EAE-B551-98C1EB1F8940}.Release|x86.ActiveCfg = Release|Any CPU
		{5D3192F1-C52E-4EAE-B551-98C1EB1F8940}.Release|x86.Build.0 = Release|Any CPU
		{5D3192F1-C52E-4EAE-B551-98C1EB1F8940}.Release|x86.Deploy.0 = Release|Any CPU
		{531BEEE0-A989-49D2-A0C1-B3910FCBC23B}.Ad-Hoc|Any CPU.ActiveCfg = Ad-Hoc|iPhone
		{531BEEE0-A989-49D2-A0C1-B3910FCBC23B}.Ad-Hoc|ARM.ActiveCfg = Ad-Hoc|iPhone
		{531BEEE0-A989-49D2-A0C1-B3910FCBC23B}.Ad-Hoc|ARM64.ActiveCfg = Ad-Hoc|iPhoneSimulator
		{531BEEE0-A989-49D2-A0C1-B3910FCBC23B}.Ad-Hoc|iPhone.ActiveCfg = Ad-Hoc|iPhone
		{531BEEE0-A989-49D2-A0C1-B3910FCBC23B}.Ad-Hoc|iPhone.Build.0 = Ad-Hoc|iPhone
		{531BEEE0-A989-49D2-A0C1-B3910FCBC23B}.Ad-Hoc|iPhoneSimulator.ActiveCfg = Ad-Hoc|iPhoneSimulator
		{531BEEE0-A989-49D2-A0C1-B3910FCBC23B}.Ad-Hoc|iPhoneSimulator.Build.0 = Ad-Hoc|iPhoneSimulator
		{531BEEE0-A989-49D2-A0C1-B3910FCBC23B}.Ad-Hoc|x64.ActiveCfg = Ad-Hoc|iPhone
		{531BEEE0-A989-49D2-A0C1-B3910FCBC23B}.Ad-Hoc|x86.ActiveCfg = Ad-Hoc|iPhone
		{531BEEE0-A989-49D2-A0C1-B3910FCBC23B}.AppStore|Any CPU.ActiveCfg = AppStore|iPhone
		{531BEEE0-A989-49D2-A0C1-B3910FCBC23B}.AppStore|ARM.ActiveCfg = AppStore|iPhone
		{531BEEE0-A989-49D2-A0C1-B3910FCBC23B}.AppStore|ARM64.ActiveCfg = AppStore|iPhoneSimulator
		{531BEEE0-A989-49D2-A0C1-B3910FCBC23B}.AppStore|iPhone.ActiveCfg = AppStore|iPhone
		{531BEEE0-A989-49D2-A0C1-B3910FCBC23B}.AppStore|iPhone.Build.0 = AppStore|iPhone
		{531BEEE0-A989-49D2-A0C1-B3910FCBC23B}.AppStore|iPhoneSimulator.ActiveCfg = AppStore|iPhoneSimulator
		{531BEEE0-A989-49D2-A0C1-B3910FCBC23B}.AppStore|iPhoneSimulator.Build.0 = AppStore|iPhoneSimulator
		{531BEEE0-A989-49D2-A0C1-B3910FCBC23B}.AppStore|x64.ActiveCfg = AppStore|iPhone
		{531BEEE0-A989-49D2-A0C1-B3910FCBC23B}.AppStore|x86.ActiveCfg = AppStore|iPhone
		{531BEEE0-A989-49D2-A0C1-B3910FCBC23B}.Debug|Any CPU.ActiveCfg = Debug|iPhone
		{531BEEE0-A989-49D2-A0C1-B3910FCBC23B}.Debug|Any CPU.Build.0 = Debug|iPhone
		{531BEEE0-A989-49D2-A0C1-B3910FCBC23B}.Debug|Any CPU.Deploy.0 = Debug|iPhone
		{531BEEE0-A989-49D2-A0C1-B3910FCBC23B}.Debug|ARM.ActiveCfg = Debug|iPhone
		{531BEEE0-A989-49D2-A0C1-B3910FCBC23B}.Debug|ARM64.ActiveCfg = Debug|iPhoneSimulator
		{531BEEE0-A989-49D2-A0C1-B3910FCBC23B}.Debug|iPhone.ActiveCfg = Debug|iPhone
		{531BEEE0-A989-49D2-A0C1-B3910FCBC23B}.Debug|iPhone.Build.0 = Debug|iPhone
		{531BEEE0-A989-49D2-A0C1-B3910FCBC23B}.Debug|iPhoneSimulator.ActiveCfg = Debug|iPhoneSimulator
		{531BEEE0-A989-49D2-A0C1-B3910FCBC23B}.Debug|iPhoneSimulator.Build.0 = Debug|iPhoneSimulator
		{531BEEE0-A989-49D2-A0C1-B3910FCBC23B}.Debug|x64.ActiveCfg = Debug|iPhone
		{531BEEE0-A989-49D2-A0C1-B3910FCBC23B}.Debug|x86.ActiveCfg = Debug|iPhone
		{531BEEE0-A989-49D2-A0C1-B3910FCBC23B}.Release|Any CPU.ActiveCfg = Release|iPhone
		{531BEEE0-A989-49D2-A0C1-B3910FCBC23B}.Release|ARM.ActiveCfg = Release|iPhone
		{531BEEE0-A989-49D2-A0C1-B3910FCBC23B}.Release|ARM64.ActiveCfg = Release|iPhoneSimulator
		{531BEEE0-A989-49D2-A0C1-B3910FCBC23B}.Release|iPhone.ActiveCfg = Release|iPhone
		{531BEEE0-A989-49D2-A0C1-B3910FCBC23B}.Release|iPhone.Build.0 = Release|iPhone
		{531BEEE0-A989-49D2-A0C1-B3910FCBC23B}.Release|iPhoneSimulator.ActiveCfg = Release|iPhoneSimulator
		{531BEEE0-A989-49D2-A0C1-B3910FCBC23B}.Release|iPhoneSimulator.Build.0 = Release|iPhoneSimulator
		{531BEEE0-A989-49D2-A0C1-B3910FCBC23B}.Release|x64.ActiveCfg = Release|iPhone
		{531BEEE0-A989-49D2-A0C1-B3910FCBC23B}.Release|x86.ActiveCfg = Release|iPhone
		{B6642960-CD9A-4B9F-9D01-4F67CE6E3237}.Ad-Hoc|Any CPU.ActiveCfg = Release|x86
		{B6642960-CD9A-4B9F-9D01-4F67CE6E3237}.Ad-Hoc|Any CPU.Build.0 = Release|x86
		{B6642960-CD9A-4B9F-9D01-4F67CE6E3237}.Ad-Hoc|Any CPU.Deploy.0 = Release|x86
		{B6642960-CD9A-4B9F-9D01-4F67CE6E3237}.Ad-Hoc|ARM.ActiveCfg = Release|ARM
		{B6642960-CD9A-4B9F-9D01-4F67CE6E3237}.Ad-Hoc|ARM.Build.0 = Release|ARM
		{B6642960-CD9A-4B9F-9D01-4F67CE6E3237}.Ad-Hoc|ARM.Deploy.0 = Release|ARM
		{B6642960-CD9A-4B9F-9D01-4F67CE6E3237}.Ad-Hoc|ARM64.ActiveCfg = Debug|x64
		{B6642960-CD9A-4B9F-9D01-4F67CE6E3237}.Ad-Hoc|ARM64.Build.0 = Debug|x64
		{B6642960-CD9A-4B9F-9D01-4F67CE6E3237}.Ad-Hoc|ARM64.Deploy.0 = Debug|x64
		{B6642960-CD9A-4B9F-9D01-4F67CE6E3237}.Ad-Hoc|iPhone.ActiveCfg = Release|x86
		{B6642960-CD9A-4B9F-9D01-4F67CE6E3237}.Ad-Hoc|iPhone.Build.0 = Release|x86
		{B6642960-CD9A-4B9F-9D01-4F67CE6E3237}.Ad-Hoc|iPhone.Deploy.0 = Release|x86
		{B6642960-CD9A-4B9F-9D01-4F67CE6E3237}.Ad-Hoc|iPhoneSimulator.ActiveCfg = Release|x86
		{B6642960-CD9A-4B9F-9D01-4F67CE6E3237}.Ad-Hoc|iPhoneSimulator.Build.0 = Release|x86
		{B6642960-CD9A-4B9F-9D01-4F67CE6E3237}.Ad-Hoc|iPhoneSimulator.Deploy.0 = Release|x86
		{B6642960-CD9A-4B9F-9D01-4F67CE6E3237}.Ad-Hoc|x64.ActiveCfg = Release|x64
		{B6642960-CD9A-4B9F-9D01-4F67CE6E3237}.Ad-Hoc|x64.Build.0 = Release|x64
		{B6642960-CD9A-4B9F-9D01-4F67CE6E3237}.Ad-Hoc|x64.Deploy.0 = Release|x64
		{B6642960-CD9A-4B9F-9D01-4F67CE6E3237}.Ad-Hoc|x86.ActiveCfg = Release|x86
		{B6642960-CD9A-4B9F-9D01-4F67CE6E3237}.Ad-Hoc|x86.Build.0 = Release|x86
		{B6642960-CD9A-4B9F-9D01-4F67CE6E3237}.Ad-Hoc|x86.Deploy.0 = Release|x86
		{B6642960-CD9A-4B9F-9D01-4F67CE6E3237}.AppStore|Any CPU.ActiveCfg = Release|x86
		{B6642960-CD9A-4B9F-9D01-4F67CE6E3237}.AppStore|Any CPU.Build.0 = Release|x86
		{B6642960-CD9A-4B9F-9D01-4F67CE6E3237}.AppStore|Any CPU.Deploy.0 = Release|x86
		{B6642960-CD9A-4B9F-9D01-4F67CE6E3237}.AppStore|ARM.ActiveCfg = Release|ARM
		{B6642960-CD9A-4B9F-9D01-4F67CE6E3237}.AppStore|ARM.Build.0 = Release|ARM
		{B6642960-CD9A-4B9F-9D01-4F67CE6E3237}.AppStore|ARM.Deploy.0 = Release|ARM
		{B6642960-CD9A-4B9F-9D01-4F67CE6E3237}.AppStore|ARM64.ActiveCfg = Debug|x64
		{B6642960-CD9A-4B9F-9D01-4F67CE6E3237}.AppStore|ARM64.Build.0 = Debug|x64
		{B6642960-CD9A-4B9F-9D01-4F67CE6E3237}.AppStore|ARM64.Deploy.0 = Debug|x64
		{B6642960-CD9A-4B9F-9D01-4F67CE6E3237}.AppStore|iPhone.ActiveCfg = Release|x86
		{B6642960-CD9A-4B9F-9D01-4F67CE6E3237}.AppStore|iPhone.Build.0 = Release|x86
		{B6642960-CD9A-4B9F-9D01-4F67CE6E3237}.AppStore|iPhone.Deploy.0 = Release|x86
		{B6642960-CD9A-4B9F-9D01-4F67CE6E3237}.AppStore|iPhoneSimulator.ActiveCfg = Release|x86
		{B6642960-CD9A-4B9F-9D01-4F67CE6E3237}.AppStore|iPhoneSimulator.Build.0 = Release|x86
		{B6642960-CD9A-4B9F-9D01-4F67CE6E3237}.AppStore|iPhoneSimulator.Deploy.0 = Release|x86
		{B6642960-CD9A-4B9F-9D01-4F67CE6E3237}.AppStore|x64.ActiveCfg = Release|x64
		{B6642960-CD9A-4B9F-9D01-4F67CE6E3237}.AppStore|x64.Build.0 = Release|x64
		{B6642960-CD9A-4B9F-9D01-4F67CE6E3237}.AppStore|x64.Deploy.0 = Release|x64
		{B6642960-CD9A-4B9F-9D01-4F67CE6E3237}.AppStore|x86.ActiveCfg = Release|x86
		{B6642960-CD9A-4B9F-9D01-4F67CE6E3237}.AppStore|x86.Build.0 = Release|x86
		{B6642960-CD9A-4B9F-9D01-4F67CE6E3237}.AppStore|x86.Deploy.0 = Release|x86
		{B6642960-CD9A-4B9F-9D01-4F67CE6E3237}.Debug|Any CPU.ActiveCfg = Debug|x86
		{B6642960-CD9A-4B9F-9D01-4F67CE6E3237}.Debug|Any CPU.Build.0 = Debug|x86
		{B6642960-CD9A-4B9F-9D01-4F67CE6E3237}.Debug|Any CPU.Deploy.0 = Debug|x86
		{B6642960-CD9A-4B9F-9D01-4F67CE6E3237}.Debug|ARM.ActiveCfg = Debug|ARM
		{B6642960-CD9A-4B9F-9D01-4F67CE6E3237}.Debug|ARM.Build.0 = Debug|ARM
		{B6642960-CD9A-4B9F-9D01-4F67CE6E3237}.Debug|ARM.Deploy.0 = Debug|ARM
		{B6642960-CD9A-4B9F-9D01-4F67CE6E3237}.Debug|ARM64.ActiveCfg = Debug|x86
		{B6642960-CD9A-4B9F-9D01-4F67CE6E3237}.Debug|iPhone.ActiveCfg = Debug|x86
		{B6642960-CD9A-4B9F-9D01-4F67CE6E3237}.Debug|iPhoneSimulator.ActiveCfg = Debug|x86
		{B6642960-CD9A-4B9F-9D01-4F67CE6E3237}.Debug|iPhoneSimulator.Build.0 = Debug|x86
		{B6642960-CD9A-4B9F-9D01-4F67CE6E3237}.Debug|iPhoneSimulator.Deploy.0 = Debug|x86
		{B6642960-CD9A-4B9F-9D01-4F67CE6E3237}.Debug|x64.ActiveCfg = Debug|x64
		{B6642960-CD9A-4B9F-9D01-4F67CE6E3237}.Debug|x64.Build.0 = Debug|x64
		{B6642960-CD9A-4B9F-9D01-4F67CE6E3237}.Debug|x64.Deploy.0 = Debug|x64
		{B6642960-CD9A-4B9F-9D01-4F67CE6E3237}.Debug|x86.ActiveCfg = Debug|x86
		{B6642960-CD9A-4B9F-9D01-4F67CE6E3237}.Debug|x86.Build.0 = Debug|x86
		{B6642960-CD9A-4B9F-9D01-4F67CE6E3237}.Debug|x86.Deploy.0 = Debug|x86
		{B6642960-CD9A-4B9F-9D01-4F67CE6E3237}.Release|Any CPU.ActiveCfg = Release|x86
		{B6642960-CD9A-4B9F-9D01-4F67CE6E3237}.Release|ARM.ActiveCfg = Release|ARM
		{B6642960-CD9A-4B9F-9D01-4F67CE6E3237}.Release|ARM.Build.0 = Release|ARM
		{B6642960-CD9A-4B9F-9D01-4F67CE6E3237}.Release|ARM.Deploy.0 = Release|ARM
		{B6642960-CD9A-4B9F-9D01-4F67CE6E3237}.Release|ARM64.ActiveCfg = Release|x86
		{B6642960-CD9A-4B9F-9D01-4F67CE6E3237}.Release|iPhone.ActiveCfg = Release|x86
		{B6642960-CD9A-4B9F-9D01-4F67CE6E3237}.Release|iPhoneSimulator.ActiveCfg = Release|x86
		{B6642960-CD9A-4B9F-9D01-4F67CE6E3237}.Release|x64.ActiveCfg = Release|x64
		{B6642960-CD9A-4B9F-9D01-4F67CE6E3237}.Release|x64.Build.0 = Release|x64
		{B6642960-CD9A-4B9F-9D01-4F67CE6E3237}.Release|x64.Deploy.0 = Release|x64
		{B6642960-CD9A-4B9F-9D01-4F67CE6E3237}.Release|x86.ActiveCfg = Release|x86
		{B6642960-CD9A-4B9F-9D01-4F67CE6E3237}.Release|x86.Build.0 = Release|x86
		{B6642960-CD9A-4B9F-9D01-4F67CE6E3237}.Release|x86.Deploy.0 = Release|x86
		{D53E6913-B612-4CB0-B6A6-2309C3E26566}.Ad-Hoc|Any CPU.ActiveCfg = Release|x86
		{D53E6913-B612-4CB0-B6A6-2309C3E26566}.Ad-Hoc|Any CPU.Build.0 = Release|x86
		{D53E6913-B612-4CB0-B6A6-2309C3E26566}.Ad-Hoc|ARM.ActiveCfg = Release|ARM
		{D53E6913-B612-4CB0-B6A6-2309C3E26566}.Ad-Hoc|ARM.Build.0 = Release|ARM
		{D53E6913-B612-4CB0-B6A6-2309C3E26566}.Ad-Hoc|ARM64.ActiveCfg = Release|ARM64
		{D53E6913-B612-4CB0-B6A6-2309C3E26566}.Ad-Hoc|ARM64.Build.0 = Release|ARM64
		{D53E6913-B612-4CB0-B6A6-2309C3E26566}.Ad-Hoc|iPhone.ActiveCfg = Release|x86
		{D53E6913-B612-4CB0-B6A6-2309C3E26566}.Ad-Hoc|iPhone.Build.0 = Release|x86
		{D53E6913-B612-4CB0-B6A6-2309C3E26566}.Ad-Hoc|iPhoneSimulator.ActiveCfg = Release|x86
		{D53E6913-B612-4CB0-B6A6-2309C3E26566}.Ad-Hoc|iPhoneSimulator.Build.0 = Release|x86
		{D53E6913-B612-4CB0-B6A6-2309C3E26566}.Ad-Hoc|x64.ActiveCfg = Release|x64
		{D53E6913-B612-4CB0-B6A6-2309C3E26566}.Ad-Hoc|x64.Build.0 = Release|x64
		{D53E6913-B612-4CB0-B6A6-2309C3E26566}.Ad-Hoc|x86.ActiveCfg = Release|x86
		{D53E6913-B612-4CB0-B6A6-2309C3E26566}.Ad-Hoc|x86.Build.0 = Release|x86
		{D53E6913-B612-4CB0-B6A6-2309C3E26566}.AppStore|Any CPU.ActiveCfg = Release|x86
		{D53E6913-B612-4CB0-B6A6-2309C3E26566}.AppStore|Any CPU.Build.0 = Release|x86
		{D53E6913-B612-4CB0-B6A6-2309C3E26566}.AppStore|ARM.ActiveCfg = Release|ARM
		{D53E6913-B612-4CB0-B6A6-2309C3E26566}.AppStore|ARM.Build.0 = Release|ARM
		{D53E6913-B612-4CB0-B6A6-2309C3E26566}.AppStore|ARM64.ActiveCfg = Release|ARM64
		{D53E6913-B612-4CB0-B6A6-2309C3E26566}.AppStore|ARM64.Build.0 = Release|ARM64
		{D53E6913-B612-4CB0-B6A6-2309C3E26566}.AppStore|iPhone.ActiveCfg = Release|x86
		{D53E6913-B612-4CB0-B6A6-2309C3E26566}.AppStore|iPhone.Build.0 = Release|x86
		{D53E6913-B612-4CB0-B6A6-2309C3E26566}.AppStore|iPhoneSimulator.ActiveCfg = Release|x86
		{D53E6913-B612-4CB0-B6A6-2309C3E26566}.AppStore|iPhoneSimulator.Build.0 = Release|x86
		{D53E6913-B612-4CB0-B6A6-2309C3E26566}.AppStore|x64.ActiveCfg = Release|x64
		{D53E6913-B612-4CB0-B6A6-2309C3E26566}.AppStore|x64.Build.0 = Release|x64
		{D53E6913-B612-4CB0-B6A6-2309C3E26566}.AppStore|x86.ActiveCfg = Release|x86
		{D53E6913-B612-4CB0-B6A6-2309C3E26566}.AppStore|x86.Build.0 = Release|x86
		{D53E6913-B612-4CB0-B6A6-2309C3E26566}.Debug|Any CPU.ActiveCfg = Debug|x86
		{D53E6913-B612-4CB0-B6A6-2309C3E26566}.Debug|Any CPU.Build.0 = Debug|x86
		{D53E6913-B612-4CB0-B6A6-2309C3E26566}.Debug|ARM.ActiveCfg = Debug|ARM
		{D53E6913-B612-4CB0-B6A6-2309C3E26566}.Debug|ARM.Build.0 = Debug|ARM
		{D53E6913-B612-4CB0-B6A6-2309C3E26566}.Debug|ARM.Deploy.0 = Debug|ARM
		{D53E6913-B612-4CB0-B6A6-2309C3E26566}.Debug|ARM64.ActiveCfg = Debug|ARM64
		{D53E6913-B612-4CB0-B6A6-2309C3E26566}.Debug|ARM64.Build.0 = Debug|ARM64
		{D53E6913-B612-4CB0-B6A6-2309C3E26566}.Debug|ARM64.Deploy.0 = Debug|ARM64
		{D53E6913-B612-4CB0-B6A6-2309C3E26566}.Debug|iPhone.ActiveCfg = Debug|x86
		{D53E6913-B612-4CB0-B6A6-2309C3E26566}.Debug|iPhoneSimulator.ActiveCfg = Debug|x86
		{D53E6913-B612-4CB0-B6A6-2309C3E26566}.Debug|x64.ActiveCfg = Debug|x64
		{D53E6913-B612-4CB0-B6A6-2309C3E26566}.Debug|x64.Build.0 = Debug|x64
		{D53E6913-B612-4CB0-B6A6-2309C3E26566}.Debug|x64.Deploy.0 = Debug|x64
		{D53E6913-B612-4CB0-B6A6-2309C3E26566}.Debug|x86.ActiveCfg = Debug|x86
		{D53E6913-B612-4CB0-B6A6-2309C3E26566}.Debug|x86.Build.0 = Debug|x86
		{D53E6913-B612-4CB0-B6A6-2309C3E26566}.Debug|x86.Deploy.0 = Debug|x86
		{D53E6913-B612-4CB0-B6A6-2309C3E26566}.Release|Any CPU.ActiveCfg = Release|x86
		{D53E6913-B612-4CB0-B6A6-2309C3E26566}.Release|ARM.ActiveCfg = Release|ARM
		{D53E6913-B612-4CB0-B6A6-2309C3E26566}.Release|ARM.Build.0 = Release|ARM
		{D53E6913-B612-4CB0-B6A6-2309C3E26566}.Release|ARM64.ActiveCfg = Release|ARM64
		{D53E6913-B612-4CB0-B6A6-2309C3E26566}.Release|ARM64.Build.0 = Release|ARM64
		{D53E6913-B612-4CB0-B6A6-2309C3E26566}.Release|iPhone.ActiveCfg = Release|x86
		{D53E6913-B612-4CB0-B6A6-2309C3E26566}.Release|iPhoneSimulator.ActiveCfg = Release|x86
		{D53E6913-B612-4CB0-B6A6-2309C3E26566}.Release|x64.ActiveCfg = Release|x64
		{D53E6913-B612-4CB0-B6A6-2309C3E26566}.Release|x64.Build.0 = Release|x64
		{D53E6913-B612-4CB0-B6A6-2309C3E26566}.Release|x86.ActiveCfg = Release|x86
		{D53E6913-B612-4CB0-B6A6-2309C3E26566}.Release|x86.Build.0 = Release|x86
		{DEB6B4A7-70DC-48CA-B9C9-226F0FCC1256}.Ad-Hoc|Any CPU.ActiveCfg = Release|x86
		{DEB6B4A7-70DC-48CA-B9C9-226F0FCC1256}.Ad-Hoc|Any CPU.Build.0 = Release|x86
		{DEB6B4A7-70DC-48CA-B9C9-226F0FCC1256}.Ad-Hoc|ARM.ActiveCfg = Release|ARM
		{DEB6B4A7-70DC-48CA-B9C9-226F0FCC1256}.Ad-Hoc|ARM.Build.0 = Release|ARM
		{DEB6B4A7-70DC-48CA-B9C9-226F0FCC1256}.Ad-Hoc|ARM64.ActiveCfg = Release|ARM64
		{DEB6B4A7-70DC-48CA-B9C9-226F0FCC1256}.Ad-Hoc|ARM64.Build.0 = Release|ARM64
		{DEB6B4A7-70DC-48CA-B9C9-226F0FCC1256}.Ad-Hoc|iPhone.ActiveCfg = Release|x86
		{DEB6B4A7-70DC-48CA-B9C9-226F0FCC1256}.Ad-Hoc|iPhone.Build.0 = Release|x86
		{DEB6B4A7-70DC-48CA-B9C9-226F0FCC1256}.Ad-Hoc|iPhoneSimulator.ActiveCfg = Release|x86
		{DEB6B4A7-70DC-48CA-B9C9-226F0FCC1256}.Ad-Hoc|iPhoneSimulator.Build.0 = Release|x86
		{DEB6B4A7-70DC-48CA-B9C9-226F0FCC1256}.Ad-Hoc|x64.ActiveCfg = Release|x64
		{DEB6B4A7-70DC-48CA-B9C9-226F0FCC1256}.Ad-Hoc|x64.Build.0 = Release|x64
		{DEB6B4A7-70DC-48CA-B9C9-226F0FCC1256}.Ad-Hoc|x86.ActiveCfg = Release|x86
		{DEB6B4A7-70DC-48CA-B9C9-226F0FCC1256}.Ad-Hoc|x86.Build.0 = Release|x86
		{DEB6B4A7-70DC-48CA-B9C9-226F0FCC1256}.AppStore|Any CPU.ActiveCfg = Release|x86
		{DEB6B4A7-70DC-48CA-B9C9-226F0FCC1256}.AppStore|Any CPU.Build.0 = Release|x86
		{DEB6B4A7-70DC-48CA-B9C9-226F0FCC1256}.AppStore|ARM.ActiveCfg = Release|ARM
		{DEB6B4A7-70DC-48CA-B9C9-226F0FCC1256}.AppStore|ARM.Build.0 = Release|ARM
		{DEB6B4A7-70DC-48CA-B9C9-226F0FCC1256}.AppStore|ARM64.ActiveCfg = Release|ARM64
		{DEB6B4A7-70DC-48CA-B9C9-226F0FCC1256}.AppStore|ARM64.Build.0 = Release|ARM64
		{DEB6B4A7-70DC-48CA-B9C9-226F0FCC1256}.AppStore|iPhone.ActiveCfg = Release|x86
		{DEB6B4A7-70DC-48CA-B9C9-226F0FCC1256}.AppStore|iPhone.Build.0 = Release|x86
		{DEB6B4A7-70DC-48CA-B9C9-226F0FCC1256}.AppStore|iPhoneSimulator.ActiveCfg = Release|x86
		{DEB6B4A7-70DC-48CA-B9C9-226F0FCC1256}.AppStore|iPhoneSimulator.Build.0 = Release|x86
		{DEB6B4A7-70DC-48CA-B9C9-226F0FCC1256}.AppStore|x64.ActiveCfg = Release|x64
		{DEB6B4A7-70DC-48CA-B9C9-226F0FCC1256}.AppStore|x64.Build.0 = Release|x64
		{DEB6B4A7-70DC-48CA-B9C9-226F0FCC1256}.AppStore|x86.ActiveCfg = Release|x86
		{DEB6B4A7-70DC-48CA-B9C9-226F0FCC1256}.AppStore|x86.Build.0 = Release|x86
		{DEB6B4A7-70DC-48CA-B9C9-226F0FCC1256}.Debug|Any CPU.ActiveCfg = Debug|x86
		{DEB6B4A7-70DC-48CA-B9C9-226F0FCC1256}.Debug|Any CPU.Build.0 = Debug|x86
		{DEB6B4A7-70DC-48CA-B9C9-226F0FCC1256}.Debug|ARM.ActiveCfg = Debug|ARM
		{DEB6B4A7-70DC-48CA-B9C9-226F0FCC1256}.Debug|ARM.Build.0 = Debug|ARM
		{DEB6B4A7-70DC-48CA-B9C9-226F0FCC1256}.Debug|ARM64.ActiveCfg = Debug|ARM64
		{DEB6B4A7-70DC-48CA-B9C9-226F0FCC1256}.Debug|ARM64.Build.0 = Debug|ARM64
		{DEB6B4A7-70DC-48CA-B9C9-226F0FCC1256}.Debug|iPhone.ActiveCfg = Debug|x86
		{DEB6B4A7-70DC-48CA-B9C9-226F0FCC1256}.Debug|iPhoneSimulator.ActiveCfg = Debug|x86
		{DEB6B4A7-70DC-48CA-B9C9-226F0FCC1256}.Debug|x64.ActiveCfg = Debug|x64
		{DEB6B4A7-70DC-48CA-B9C9-226F0FCC1256}.Debug|x64.Build.0 = Debug|x64
		{DEB6B4A7-70DC-48CA-B9C9-226F0FCC1256}.Debug|x86.ActiveCfg = Debug|x86
		{DEB6B4A7-70DC-48CA-B9C9-226F0FCC1256}.Debug|x86.Build.0 = Debug|x86
		{DEB6B4A7-70DC-48CA-B9C9-226F0FCC1256}.Release|Any CPU.ActiveCfg = Release|x86
		{DEB6B4A7-70DC-48CA-B9C9-226F0FCC1256}.Release|ARM.ActiveCfg = Release|ARM
		{DEB6B4A7-70DC-48CA-B9C9-226F0FCC1256}.Release|ARM.Build.0 = Release|ARM
		{DEB6B4A7-70DC-48CA-B9C9-226F0FCC1256}.Release|ARM64.ActiveCfg = Release|ARM64
		{DEB6B4A7-70DC-48CA-B9C9-226F0FCC1256}.Release|ARM64.Build.0 = Release|ARM64
		{DEB6B4A7-70DC-48CA-B9C9-226F0FCC1256}.Release|iPhone.ActiveCfg = Release|x86
		{DEB6B4A7-70DC-48CA-B9C9-226F0FCC1256}.Release|iPhoneSimulator.ActiveCfg = Release|x86
		{DEB6B4A7-70DC-48CA-B9C9-226F0FCC1256}.Release|x64.ActiveCfg = Release|x64
		{DEB6B4A7-70DC-48CA-B9C9-226F0FCC1256}.Release|x64.Build.0 = Release|x64
		{DEB6B4A7-70DC-48CA-B9C9-226F0FCC1256}.Release|x86.ActiveCfg = Release|x86
		{DEB6B4A7-70DC-48CA-B9C9-226F0FCC1256}.Release|x86.Build.0 = Release|x86
		{6CE7CCAE-06D5-4392-842B-5C142AC85E0F}.Ad-Hoc|Any CPU.ActiveCfg = Release|x64
		{6CE7CCAE-06D5-4392-842B-5C142AC85E0F}.Ad-Hoc|Any CPU.Build.0 = Release|x64
		{6CE7CCAE-06D5-4392-842B-5C142AC85E0F}.Ad-Hoc|ARM.ActiveCfg = Release|ARM
		{6CE7CCAE-06D5-4392-842B-5C142AC85E0F}.Ad-Hoc|ARM.Build.0 = Release|ARM
		{6CE7CCAE-06D5-4392-842B-5C142AC85E0F}.Ad-Hoc|ARM64.ActiveCfg = Release|x64
		{6CE7CCAE-06D5-4392-842B-5C142AC85E0F}.Ad-Hoc|ARM64.Build.0 = Release|x64
		{6CE7CCAE-06D5-4392-842B-5C142AC85E0F}.Ad-Hoc|iPhone.ActiveCfg = Release|x64
		{6CE7CCAE-06D5-4392-842B-5C142AC85E0F}.Ad-Hoc|iPhone.Build.0 = Release|x64
		{6CE7CCAE-06D5-4392-842B-5C142AC85E0F}.Ad-Hoc|iPhoneSimulator.ActiveCfg = Release|x64
		{6CE7CCAE-06D5-4392-842B-5C142AC85E0F}.Ad-Hoc|iPhoneSimulator.Build.0 = Release|x64
		{6CE7CCAE-06D5-4392-842B-5C142AC85E0F}.Ad-Hoc|x64.ActiveCfg = Release|x64
		{6CE7CCAE-06D5-4392-842B-5C142AC85E0F}.Ad-Hoc|x64.Build.0 = Release|x64
		{6CE7CCAE-06D5-4392-842B-5C142AC85E0F}.Ad-Hoc|x86.ActiveCfg = Release|Win32
		{6CE7CCAE-06D5-4392-842B-5C142AC85E0F}.Ad-Hoc|x86.Build.0 = Release|Win32
		{6CE7CCAE-06D5-4392-842B-5C142AC85E0F}.AppStore|Any CPU.ActiveCfg = Release|x64
		{6CE7CCAE-06D5-4392-842B-5C142AC85E0F}.AppStore|Any CPU.Build.0 = Release|x64
		{6CE7CCAE-06D5-4392-842B-5C142AC85E0F}.AppStore|ARM.ActiveCfg = Release|ARM
		{6CE7CCAE-06D5-4392-842B-5C142AC85E0F}.AppStore|ARM.Build.0 = Release|ARM
		{6CE7CCAE-06D5-4392-842B-5C142AC85E0F}.AppStore|ARM64.ActiveCfg = Release|x64
		{6CE7CCAE-06D5-4392-842B-5C142AC85E0F}.AppStore|ARM64.Build.0 = Release|x64
		{6CE7CCAE-06D5-4392-842B-5C142AC85E0F}.AppStore|iPhone.ActiveCfg = Release|x64
		{6CE7CCAE-06D5-4392-842B-5C142AC85E0F}.AppStore|iPhone.Build.0 = Release|x64
		{6CE7CCAE-06D5-4392-842B-5C142AC85E0F}.AppStore|iPhoneSimulator.ActiveCfg = Release|x64
		{6CE7CCAE-06D5-4392-842B-5C142AC85E0F}.AppStore|iPhoneSimulator.Build.0 = Release|x64
		{6CE7CCAE-06D5-4392-842B-5C142AC85E0F}.AppStore|x64.ActiveCfg = Release|x64
		{6CE7CCAE-06D5-4392-842B-5C142AC85E0F}.AppStore|x64.Build.0 = Release|x64
		{6CE7CCAE-06D5-4392-842B-5C142AC85E0F}.AppStore|x86.ActiveCfg = Release|Win32
		{6CE7CCAE-06D5-4392-842B-5C142AC85E0F}.AppStore|x86.Build.0 = Release|Win32
		{6CE7CCAE-06D5-4392-842B-5C142AC85E0F}.Debug|Any CPU.ActiveCfg = Debug|Win32
		{6CE7CCAE-06D5-4392-842B-5C142AC85E0F}.Debug|ARM.ActiveCfg = Debug|ARM
		{6CE7CCAE-06D5-4392-842B-5C142AC85E0F}.Debug|ARM.Build.0 = Debug|ARM
		{6CE7CCAE-06D5-4392-842B-5C142AC85E0F}.Debug|ARM64.ActiveCfg = Debug|Win32
		{6CE7CCAE-06D5-4392-842B-5C142AC85E0F}.Debug|iPhone.ActiveCfg = Debug|Win32
		{6CE7CCAE-06D5-4392-842B-5C142AC85E0F}.Debug|iPhoneSimulator.ActiveCfg = Debug|Win32
		{6CE7CCAE-06D5-4392-842B-5C142AC85E0F}.Debug|x64.ActiveCfg = Debug|x64
		{6CE7CCAE-06D5-4392-842B-5C142AC85E0F}.Debug|x64.Build.0 = Debug|x64
		{6CE7CCAE-06D5-4392-842B-5C142AC85E0F}.Debug|x86.ActiveCfg = Debug|Win32
		{6CE7CCAE-06D5-4392-842B-5C142AC85E0F}.Debug|x86.Build.0 = Debug|Win32
		{6CE7CCAE-06D5-4392-842B-5C142AC85E0F}.Release|Any CPU.ActiveCfg = Release|Win32
		{6CE7CCAE-06D5-4392-842B-5C142AC85E0F}.Release|ARM.ActiveCfg = Release|ARM
		{6CE7CCAE-06D5-4392-842B-5C142AC85E0F}.Release|ARM.Build.0 = Release|ARM
		{6CE7CCAE-06D5-4392-842B-5C142AC85E0F}.Release|ARM64.ActiveCfg = Release|Win32
		{6CE7CCAE-06D5-4392-842B-5C142AC85E0F}.Release|iPhone.ActiveCfg = Release|Win32
		{6CE7CCAE-06D5-4392-842B-5C142AC85E0F}.Release|iPhoneSimulator.ActiveCfg = Release|Win32
		{6CE7CCAE-06D5-4392-842B-5C142AC85E0F}.Release|x64.ActiveCfg = Release|x64
		{6CE7CCAE-06D5-4392-842B-5C142AC85E0F}.Release|x64.Build.0 = Release|x64
		{6CE7CCAE-06D5-4392-842B-5C142AC85E0F}.Release|x86.ActiveCfg = Release|Win32
		{6CE7CCAE-06D5-4392-842B-5C142AC85E0F}.Release|x86.Build.0 = Release|Win32
	EndGlobalSection
	GlobalSection(SolutionProperties) = preSolution
		HideSolutionNode = FALSE
	EndGlobalSection
EndGlobal
